# FF-1.2 isolated training: CPython 3.12.3, Linux x86_64.
# Wheel hashes, no source builds. Install with --require-hashes --only-binary=:all:.
scikit-learn==1.7.2 --hash=sha256:e5bf3d930aee75a65478df91ac1225ff89cd28e9ac7bd1196853a9229b6adb0b
numpy==2.3.3 --hash=sha256:d9192da52b9745f7f0766531dcfa978b7763916f158bb63bdb8a1eca0068ab20
scipy==1.16.2 --hash=sha256:f66bd07ba6f84cd4a380b41d1bf3c59ea488b590a2ff96744845163309ee8e2f
joblib==1.5.2 --hash=sha256:4e1f0bdbb987e6d843c70cf43714cb276623def372df3c22fe5266b2670bc241
threadpoolctl==3.6.0 --hash=sha256:43a0b8fd5a2928500110039e43a5eed8480b918967083ea48dc3ab9f13c4a7fb
